// !$*UTF8*$!
{
	archiveVersion = 1;
	classes = {
	};
	objectVersion = 56;
	objects = {

/* Begin PBXBuildFile section */
		CE00ED37298EC57F003E684A /* PlaygroundView.swift in Sources */ = {isa = PBXBuildFile; fileRef = CE00ED36298EC57F003E684A /* PlaygroundView.swift */; };
		CE00ED39298EC5AB003E684A /* MessageData.swift in Sources */ = {isa = PBXBuildFile; fileRef = CE00ED38298EC5AB003E684A /* MessageData.swift */; };
		CE538D622982979600941542 /* landmarksApp.swift in Sources */ = {isa = PBXBuildFile; fileRef = CE538D612982979600941542 /* landmarksApp.swift */; };
		CE538D642982979600941542 /* ContentView.swift in Sources */ = {isa = PBXBuildFile; fileRef = CE538D632982979600941542 /* ContentView.swift */; };
		CE538D662982979700941542 /* Assets.xcassets in Resources */ = {isa = PBXBuildFile; fileRef = CE538D652982979700941542 /* Assets.xcassets */; };
		CE538D692982979700941542 /* Preview Assets.xcassets in Resources */ = {isa = PBXBuildFile; fileRef = CE538D682982979700941542 /* Preview Assets.xcassets */; };
		CE538D7029829CE700941542 /* CircleImage.swift in Sources */ = {isa = PBXBuildFile; fileRef = CE538D6F29829CE700941542 /* CircleImage.swift */; };
		CE538D7229829D5300941542 /* MapView.swift in Sources */ = {isa = PBXBuildFile; fileRef = CE538D7129829D5300941542 /* MapView.swift */; };
		CE538D752982A73300941542 /* landmarkData.json in Resources */ = {isa = PBXBuildFile; fileRef = CE538D742982A73300941542 /* landmarkData.json */; };
		CE538D772982A74F00941542 /* Landmark.swift in Sources */ = {isa = PBXBuildFile; fileRef = CE538D762982A74F00941542 /* Landmark.swift */; };
		CE538D792982AAF200941542 /* ModelData.swift in Sources */ = {isa = PBXBuildFile; fileRef = CE538D782982AAF200941542 /* ModelData.swift */; };
		CE538D7F2982B9F000941542 /* LandmarkRow.swift in Sources */ = {isa = PBXBuildFile; fileRef = CE538D7E2982B9F000941542 /* LandmarkRow.swift */; };
		CE538D812982BB7900941542 /* LandmarkList.swift in Sources */ = {isa = PBXBuildFile; fileRef = CE538D802982BB7900941542 /* LandmarkList.swift */; };
		CE538D832982C53400941542 /* LandmarkDetail.swift in Sources */ = {isa = PBXBuildFile; fileRef = CE538D822982C53400941542 /* LandmarkDetail.swift */; };
		CE538D852982D90F00941542 /* FavoriteButton.swift in Sources */ = {isa = PBXBuildFile; fileRef = CE538D842982D90F00941542 /* FavoriteButton.swift */; };
		CEE4339E29859ACA00C80DE2 /* HexagonParameters.swift in Sources */ = {isa = PBXBuildFile; fileRef = CEE4339D29859ACA00C80DE2 /* HexagonParameters.swift */; };
		CEE433A029859B5600C80DE2 /* BadgeBackground.swift in Sources */ = {isa = PBXBuildFile; fileRef = CEE4339F29859B5600C80DE2 /* BadgeBackground.swift */; };
/* End PBXBuildFile section */

/* Begin PBXFileReference section */
		CE00ED36298EC57F003E684A /* PlaygroundView.swift */ = {isa = PBXFileReference; lastKnownFileType = sourcecode.swift; path = PlaygroundView.swift; sourceTree = "<group>"; };
		CE00ED38298EC5AB003E684A /* MessageData.swift */ = {isa = PBXFileReference; lastKnownFileType = sourcecode.swift; path = MessageData.swift; sourceTree = "<group>"; };
		CE538D5E2982979600941542 /* landmarks.app */ = {isa = PBXFileReference; explicitFileType = wrapper.application; includeInIndex = 0; path = landmarks.app; sourceTree = BUILT_PRODUCTS_DIR; };
		CE538D612982979600941542 /* landmarksApp.swift */ = {isa = PBXFileReference; lastKnownFileType = sourcecode.swift; path = landmarksApp.swift; sourceTree = "<group>"; };
		CE538D632982979600941542 /* ContentView.swift */ = {isa = PBXFileReference; lastKnownFileType = sourcecode.swift; path = ContentView.swift; sourceTree = "<group>"; };
		CE538D652982979700941542 /* Assets.xcassets */ = {isa = PBXFileReference; lastKnownFileType = folder.assetcatalog; path = Assets.xcassets; sourceTree = "<group>"; };
		CE538D682982979700941542 /* Preview Assets.xcassets */ = {isa = PBXFileReference; lastKnownFileType = folder.assetcatalog; path = "Preview Assets.xcassets"; sourceTree = "<group>"; };
		CE538D6F29829CE700941542 /* CircleImage.swift */ = {isa = PBXFileReference; lastKnownFileType = sourcecode.swift; path = CircleImage.swift; sourceTree = "<group>"; };
		CE538D7129829D5300941542 /* MapView.swift */ = {isa = PBXFileReference; lastKnownFileType = sourcecode.swift; path = MapView.swift; sourceTree = "<group>"; };
		CE538D742982A73300941542 /* landmarkData.json */ = {isa = PBXFileReference; fileEncoding = 4; lastKnownFileType = text.json; path = landmarkData.json; sourceTree = "<group>"; };
		CE538D762982A74F00941542 /* Landmark.swift */ = {isa = PBXFileReference; lastKnownFileType = sourcecode.swift; path = Landmark.swift; sourceTree = "<group>"; };
		CE538D782982AAF200941542 /* ModelData.swift */ = {isa = PBXFileReference; lastKnownFileType = sourcecode.swift; path = ModelData.swift; sourceTree = "<group>"; };
		CE538D7E2982B9F000941542 /* LandmarkRow.swift */ = {isa = PBXFileReference; lastKnownFileType = sourcecode.swift; path = LandmarkRow.swift; sourceTree = "<group>"; };
		CE538D802982BB7900941542 /* LandmarkList.swift */ = {isa = PBXFileReference; lastKnownFileType = sourcecode.swift; path = LandmarkList.swift; sourceTree = "<group>"; };
		CE538D822982C53400941542 /* LandmarkDetail.swift */ = {isa = PBXFileReference; lastKnownFileType = sourcecode.swift; path = LandmarkDetail.swift; sourceTree = "<group>"; };
		CE538D842982D90F00941542 /* FavoriteButton.swift */ = {isa = PBXFileReference; lastKnownFileType = sourcecode.swift; path = FavoriteButton.swift; sourceTree = "<group>"; };
		CEE4339D29859ACA00C80DE2 /* HexagonParameters.swift */ = {isa = PBXFileReference; lastKnownFileType = sourcecode.swift; path = HexagonParameters.swift; sourceTree = "<group>"; };
		CEE4339F29859B5600C80DE2 /* BadgeBackground.swift */ = {isa = PBXFileReference; lastKnownFileType = sourcecode.swift; path = BadgeBackground.swift; sourceTree = "<group>"; };
/* End PBXFileReference section */

/* Begin PBXFrameworksBuildPhase section */
		CE538D5B2982979600941542 /* Frameworks */ = {
			isa = PBXFrameworksBuildPhase;
			buildActionMask = 2147483647;
			files = (
			);
			runOnlyForDeploymentPostprocessing = 0;
		};
/* End PBXFrameworksBuildPhase section */

/* Begin PBXGroup section */
		CE538D552982979600941542 = {
			isa = PBXGroup;
			children = (
				CE538D602982979600941542 /* landmarks */,
				CE538D5F2982979600941542 /* Products */,
			);
			sourceTree = "<group>";
		};
		CE538D5F2982979600941542 /* Products */ = {
			isa = PBXGroup;
			children = (
				CE538D5E2982979600941542 /* landmarks.app */,
			);
			name = Products;
			sourceTree = "<group>";
		};
		CE538D602982979600941542 /* landmarks */ = {
			isa = PBXGroup;
			children = (
				CE538D7D2982B84D00941542 /* Model */,
				CE538D7A2982AB6700941542 /* Views */,
				CE538D732982A73300941542 /* Resources */,
				CE538D612982979600941542 /* landmarksApp.swift */,
				CE538D652982979700941542 /* Assets.xcassets */,
				CE538D672982979700941542 /* Preview Content */,
				CE538D762982A74F00941542 /* Landmark.swift */,
			);
			path = landmarks;
			sourceTree = "<group>";
		};
		CE538D672982979700941542 /* Preview Content */ = {
			isa = PBXGroup;
			children = (
				CE538D682982979700941542 /* Preview Assets.xcassets */,
			);
			path = "Preview Content";
			sourceTree = "<group>";
		};
		CE538D732982A73300941542 /* Resources */ = {
			isa = PBXGroup;
			children = (
				CE538D742982A73300941542 /* landmarkData.json */,
			);
			path = Resources;
			sourceTree = "<group>";
		};
		CE538D7A2982AB6700941542 /* Views */ = {
			isa = PBXGroup;
			children = (
				CE538D872982D9AB00941542 /* Landmarks */,
				CE538D862982D96B00941542 /* Helpers */,
				CE538D632982979600941542 /* ContentView.swift */,
				CEE4339D29859ACA00C80DE2 /* HexagonParameters.swift */,
				CEE4339F29859B5600C80DE2 /* BadgeBackground.swift */,
				CE00ED36298EC57F003E684A /* PlaygroundView.swift */,
			);
			path = Views;
			sourceTree = "<group>";
		};
		CE538D7D2982B84D00941542 /* Model */ = {
			isa = PBXGroup;
			children = (
				CE538D782982AAF200941542 /* ModelData.swift */,
				CE00ED38298EC5AB003E684A /* MessageData.swift */,
			);
			path = Model;
			sourceTree = "<group>";
		};
		CE538D862982D96B00941542 /* Helpers */ = {
			isa = PBXGroup;
			children = (
				CE538D6F29829CE700941542 /* CircleImage.swift */,
				CE538D842982D90F00941542 /* FavoriteButton.swift */,
				CE538D7129829D5300941542 /* MapView.swift */,
			);
			path = Helpers;
			sourceTree = "<group>";
		};
		CE538D872982D9AB00941542 /* Landmarks */ = {
			isa = PBXGroup;
			children = (
				CE538D7E2982B9F000941542 /* LandmarkRow.swift */,
				CE538D802982BB7900941542 /* LandmarkList.swift */,
				CE538D822982C53400941542 /* LandmarkDetail.swift */,
			);
			path = Landmarks;
			sourceTree = "<group>";
		};
/* End PBXGroup section */

/* Begin PBXNativeTarget section */
		CE538D5D2982979600941542 /* landmarks */ = {
			isa = PBXNativeTarget;
			buildConfigurationList = CE538D6C2982979700941542 /* Build configuration list for PBXNativeTarget "landmarks" */;
			buildPhases = (
				CE538D5A2982979600941542 /* Sources */,
				CE538D5B2982979600941542 /* Frameworks */,
				CE538D5C2982979600941542 /* Resources */,
			);
			buildRules = (
			);
			dependencies = (
			);
			name = landmarks;
			productName = landmarks;
			productReference = CE538D5E2982979600941542 /* landmarks.app */;
			productType = "com.apple.product-type.application";
		};
/* End PBXNativeTarget section */

/* Begin PBXProject section */
		CE538D562982979600941542 /* Project object */ = {
			isa = PBXProject;
			attributes = {
				BuildIndependentTargetsInParallel = 1;
				LastSwiftUpdateCheck = 1420;
				LastUpgradeCheck = 1420;
				TargetAttributes = {
					CE538D5D2982979600941542 = {
						CreatedOnToolsVersion = 14.2;
					};
				};
			};
			buildConfigurationList = CE538D592982979600941542 /* Build configuration list for PBXProject "landmarks" */;
			compatibilityVersion = "Xcode 14.0";
			developmentRegion = en;
			hasScannedForEncodings = 0;
			knownRegions = (
				en,
				Base,
			);
			mainGroup = CE538D552982979600941542;
			productRefGroup = CE538D5F2982979600941542 /* Products */;
			projectDirPath = "";
			projectRoot = "";
			targets = (
				CE538D5D2982979600941542 /* landmarks */,
			);
		};
/* End PBXProject section */

/* Begin PBXResourcesBuildPhase section */
		CE538D5C2982979600941542 /* Resources */ = {
			isa = PBXResourcesBuildPhase;
			buildActionMask = 2147483647;
			files = (
				CE538D692982979700941542 /* Preview Assets.xcassets in Resources */,
				CE538D662982979700941542 /* Assets.xcassets in Resources */,
				CE538D752982A73300941542 /* landmarkData.json in Resources */,
			);
			runOnlyForDeploymentPostprocessing = 0;
		};
/* End PBXResourcesBuildPhase section */

/* Begin PBXSourcesBuildPhase section */
		CE538D5A2982979600941542 /* Sources */ = {
			isa = PBXSourcesBuildPhase;
			buildActionMask = 2147483647;
			files = (
				CE538D642982979600941542 /* ContentView.swift in Sources */,
				CE538D7229829D5300941542 /* MapView.swift in Sources */,
				CE538D622982979600941542 /* landmarksApp.swift in Sources */,
				CE538D852982D90F00941542 /* FavoriteButton.swift in Sources */,
				CEE4339E29859ACA00C80DE2 /* HexagonParameters.swift in Sources */,
				CE538D812982BB7900941542 /* LandmarkList.swift in Sources */,
				CE00ED37298EC57F003E684A /* PlaygroundView.swift in Sources */,
				CE538D832982C53400941542 /* LandmarkDetail.swift in Sources */,
				CEE433A029859B5600C80DE2 /* BadgeBackground.swift in Sources */,
				CE538D7029829CE700941542 /* CircleImage.swift in Sources */,
				CE00ED39298EC5AB003E684A /* MessageData.swift in Sources */,
				CE538D772982A74F00941542 /* Landmark.swift in Sources */,
				CE538D7F2982B9F000941542 /* LandmarkRow.swift in Sources */,
				CE538D792982AAF200941542 /* ModelData.swift in Sources */,
			);
			runOnlyForDeploymentPostprocessing = 0;
		};
/* End PBXSourcesBuildPhase section */

/* Begin XCBuildConfiguration section */
		CE538D6A2982979700941542 /* Debug */ = {
			isa = XCBuildConfiguration;
			buildSettings = {
				ALWAYS_SEARCH_USER_PATHS = NO;
				CLANG_ANALYZER_NONNULL = YES;
				CLANG_ANALYZER_NUMBER_OBJECT_CONVERSION = YES_AGGRESSIVE;
				CLANG_CXX_LANGUAGE_STANDARD = "gnu++20";
				CLANG_ENABLE_MODULES = YES;
				CLANG_ENABLE_OBJC_ARC = YES;
				CLANG_ENABLE_OBJC_WEAK = YES;
				CLANG_WARN_BLOCK_CAPTURE_AUTORELEASING = YES;
				CLANG_WARN_BOOL_CONVERSION = YES;
				CLANG_WARN_COMMA = YES;
				CLANG_WARN_CONSTANT_CONVERSION = YES;
				CLANG_WARN_DEPRECATED_OBJC_IMPLEMENTATIONS = YES;
				CLANG_WARN_DIRECT_OBJC_ISA_USAGE = YES_ERROR;
				CLANG_WARN_DOCUMENTATION_COMMENTS = YES;
				CLANG_WARN_EMPTY_BODY = YES;
				CLANG_WARN_ENUM_CONVERSION = YES;
				CLANG_WARN_INFINITE_RECURSION = YES;
				CLANG_WARN_INT_CONVERSION = YES;
				CLANG_WARN_NON_LITERAL_NULL_CONVERSION = YES;
				CLANG_WARN_OBJC_IMPLICIT_RETAIN_SELF = YES;
				CLANG_WARN_OBJC_LITERAL_CONVERSION = YES;
				CLANG_WARN_OBJC_ROOT_CLASS = YES_ERROR;
				CLANG_WARN_QUOTED_INCLUDE_IN_FRAMEWORK_HEADER = YES;
				CLANG_WARN_RANGE_LOOP_ANALYSIS = YES;
				CLANG_WARN_STRICT_PROTOTYPES = YES;
				CLANG_WARN_SUSPICIOUS_MOVE = YES;
				CLANG_WARN_UNGUARDED_AVAILABILITY = YES_AGGRESSIVE;
				CLANG_WARN_UNREACHABLE_CODE = YES;
				CLANG_WARN__DUPLICATE_METHOD_MATCH = YES;
				COPY_PHASE_STRIP = NO;
				DEBUG_INFORMATION_FORMAT = dwarf;
				ENABLE_STRICT_OBJC_MSGSEND = YES;
				ENABLE_TESTABILITY = YES;
				GCC_C_LANGUAGE_STANDARD = gnu11;
				GCC_DYNAMIC_NO_PIC = NO;
				GCC_NO_COMMON_BLOCKS = YES;
				GCC_OPTIMIZATION_LEVEL = 0;
				GCC_PREPROCESSOR_DEFINITIONS = (
					"DEBUG=1",
					"$(inherited)",
				);
				GCC_WARN_64_TO_32_BIT_CONVERSION = YES;
				GCC_WARN_ABOUT_RETURN_TYPE = YES_ERROR;
				GCC_WARN_UNDECLARED_SELECTOR = YES;
				GCC_WARN_UNINITIALIZED_AUTOS = YES_AGGRESSIVE;
				GCC_WARN_UNUSED_FUNCTION = YES;
				GCC_WARN_UNUSED_VARIABLE = YES;
				IPHONEOS_DEPLOYMENT_TARGET = 16.2;
				MTL_ENABLE_DEBUG_INFO = INCLUDE_SOURCE;
				MTL_FAST_MATH = YES;
				ONLY_ACTIVE_ARCH = YES;
				SDKROOT = iphoneos;
				SWIFT_ACTIVE_COMPILATION_CONDITIONS = DEBUG;
				SWIFT_OPTIMIZATION_LEVEL = "-Onone";
			};
			name = Debug;
		};
		CE538D6B2982979700941542 /* Release */ = {
			isa = XCBuildConfiguration;
			buildSettings = {
				ALWAYS_SEARCH_USER_PATHS = NO;
				CLANG_ANALYZER_NONNULL = YES;
				CLANG_ANALYZER_NUMBER_OBJECT_CONVERSION = YES_AGGRESSIVE;
				CLANG_CXX_LANGUAGE_STANDARD = "gnu++20";
				CLANG_ENABLE_MODULES = YES;
				CLANG_ENABLE_OBJC_ARC = YES;
				CLANG_ENABLE_OBJC_WEAK = YES;
				CLANG_WARN_BLOCK_CAPTURE_AUTORELEASING = YES;
				CLANG_WARN_BOOL_CONVERSION = YES;
				CLANG_WARN_COMMA = YES;
				CLANG_WARN_CONSTANT_CONVERSION = YES;
				CLANG_WARN_DEPRECATED_OBJC_IMPLEMENTATIONS = YES;
				CLANG_WARN_DIRECT_OBJC_ISA_USAGE = YES_ERROR;
				CLANG_WARN_DOCUMENTATION_COMMENTS = YES;
				CLANG_WARN_EMPTY_BODY = YES;
				CLANG_WARN_ENUM_CONVERSION = YES;
				CLANG_WARN_INFINITE_RECURSION = YES;
				CLANG_WARN_INT_CONVERSION = YES;
				CLANG_WARN_NON_LITERAL_NULL_CONVERSION = YES;
				CLANG_WARN_OBJC_IMPLICIT_RETAIN_SELF = YES;
				CLANG_WARN_OBJC_LITERAL_CONVERSION = YES;
				CLANG_WARN_OBJC_ROOT_CLASS = YES_ERROR;
				CLANG_WARN_QUOTED_INCLUDE_IN_FRAMEWORK_HEADER = YES;
				CLANG_WARN_RANGE_LOOP_ANALYSIS = YES;
				CLANG_WARN_STRICT_PROTOTYPES = YES;
				CLANG_WARN_SUSPICIOUS_MOVE = YES;
				CLANG_WARN_UNGUARDED_AVAILABILITY = YES_AGGRESSIVE;
				CLANG_WARN_UNREACHABLE_CODE = YES;
				CLANG_WARN__DUPLICATE_METHOD_MATCH = YES;
				COPY_PHASE_STRIP = NO;
				DEBUG_INFORMATION_FORMAT = "dwarf-with-dsym";
				ENABLE_NS_ASSERTIONS = NO;
				ENABLE_STRICT_OBJC_MSGSEND = YES;
				GCC_C_LANGUAGE_STANDARD = gnu11;
				GCC_NO_COMMON_BLOCKS = YES;
				GCC_WARN_64_TO_32_BIT_CONVERSION = YES;
				GCC_WARN_ABOUT_RETURN_TYPE = YES_ERROR;
				GCC_WARN_UNDECLARED_SELECTOR = YES;
				GCC_WARN_UNINITIALIZED_AUTOS = YES_AGGRESSIVE;
				GCC_WARN_UNUSED_FUNCTION = YES;
				GCC_WARN_UNUSED_VARIABLE = YES;
				IPHONEOS_DEPLOYMENT_TARGET = 16.2;
				MTL_ENABLE_DEBUG_INFO = NO;
				MTL_FAST_MATH = YES;
				SDKROOT = iphoneos;
				SWIFT_COMPILATION_MODE = wholemodule;
				SWIFT_OPTIMIZATION_LEVEL = "-O";
				VALIDATE_PRODUCT = YES;
			};
			name = Release;
		};
		CE538D6D2982979700941542 /* Debug */ = {
			isa = XCBuildConfiguration;
			buildSettings = {
				ASSETCATALOG_COMPILER_APPICON_NAME = AppIcon;
				ASSETCATALOG_COMPILER_GLOBAL_ACCENT_COLOR_NAME = AccentColor;
				CODE_SIGN_STYLE = Automatic;
				CURRENT_PROJECT_VERSION = 1;
				DEVELOPMENT_ASSET_PATHS = "\"landmarks/Preview Content\"";
				DEVELOPMENT_TEAM = 7U92AHZ46S;
				ENABLE_PREVIEWS = YES;
				GENERATE_INFOPLIST_FILE = YES;
				INFOPLIST_KEY_UIApplicationSceneManifest_Generation = YES;
				INFOPLIST_KEY_UIApplicationSupportsIndirectInputEvents = YES;
				INFOPLIST_KEY_UILaunchScreen_Generation = YES;
				INFOPLIST_KEY_UISupportedInterfaceOrientations_iPad = "UIInterfaceOrientationPortrait UIInterfaceOrientationPortraitUpsideDown UIInterfaceOrientationLandscapeLeft UIInterfaceOrientationLandscapeRight";
				INFOPLIST_KEY_UISupportedInterfaceOrientations_iPhone = "UIInterfaceOrientationPortrait UIInterfaceOrientationLandscapeLeft UIInterfaceOrientationLandscapeRight";
				LD_RUNPATH_SEARCH_PATHS = (
					"$(inherited)",
					"@executable_path/Frameworks",
				);
				MARKETING_VERSION = 1.0;
				PRODUCT_BUNDLE_IDENTIFIER = com.conscioustahoe.landmarks;
				PRODUCT_NAME = "$(TARGET_NAME)";
				SWIFT_EMIT_LOC_STRINGS = YES;
				SWIFT_VERSION = 5.0;
				TARGETED_DEVICE_FAMILY = "1,2";
			};
			name = Debug;
		};
		CE538D6E2982979700941542 /* Release */ = {
			isa = XCBuildConfiguration;
			buildSettings = {
				ASSETCATALOG_COMPILER_APPICON_NAME = AppIcon;
				ASSETCATALOG_COMPILER_GLOBAL_ACCENT_COLOR_NAME = AccentColor;
				CODE_SIGN_STYLE = Automatic;
				CURRENT_PROJECT_VERSION = 1;
				DEVELOPMENT_ASSET_PATHS = "\"landmarks/Preview Content\"";
				DEVELOPMENT_TEAM = 7U92AHZ46S;
				ENABLE_PREVIEWS = YES;
				GENERATE_INFOPLIST_FILE = YES;
				INFOPLIST_KEY_UIApplicationSceneManifest_Generation = YES;
				INFOPLIST_KEY_UIApplicationSupportsIndirectInputEvents = YES;
				INFOPLIST_KEY_UILaunchScreen_Generation = YES;
				INFOPLIST_KEY_UISupportedInterfaceOrientations_iPad = "UIInterfaceOrientationPortrait UIInterfaceOrientationPortraitUpsideDown UIInterfaceOrientationLandscapeLeft UIInterfaceOrientationLandscapeRight";
				INFOPLIST_KEY_UISupportedInterfaceOrientations_iPhone = "UIInterfaceOrientationPortrait UIInterfaceOrientationLandscapeLeft UIInterfaceOrientationLandscapeRight";
				LD_RUNPATH_SEARCH_PATHS = (
					"$(inherited)",
					"@executable_path/Frameworks",
				);
				MARKETING_VERSION = 1.0;
				PRODUCT_BUNDLE_IDENTIFIER = com.conscioustahoe.landmarks;
				PRODUCT_NAME = "$(TARGET_NAME)";
				SWIFT_EMIT_LOC_STRINGS = YES;
				SWIFT_VERSION = 5.0;
				TARGETED_DEVICE_FAMILY = "1,2";
			};
			name = Release;
		};
/* End XCBuildConfiguration section */

/* Begin XCConfigurationList section */
		CE538D592982979600941542 /* Build configuration list for PBXProject "landmarks" */ = {
			isa = XCConfigurationList;
			buildConfigurations = (
				CE538D6A2982979700941542 /* Debug */,
				CE538D6B2982979700941542 /* Release */,
			);
			defaultConfigurationIsVisible = 0;
			defaultConfigurationName = Release;
		};
		CE538D6C2982979700941542 /* Build configuration list for PBXNativeTarget "landmarks" */ = {
			isa = XCConfigurationList;
			buildConfigurations = (
				CE538D6D2982979700941542 /* Debug */,
				CE538D6E2982979700941542 /* Release */,
			);
			defaultConfigurationIsVisible = 0;
			defaultConfigurationName = Release;
		};
/* End XCConfigurationList section */
	};
	rootObject = CE538D562982979600941542 /* Project object */;
}
